Microsoft Visual Studio Solution File, Format Version 12.00
# Visual Studio 2012
Project("{FAE04EC0-301F-11D3-BF4B-00C04F79EFBC}") = "Project2D", "Project2D.csproj", "{34458EA8-C32E-4A76-A111-89F005FF9C06}"
EndProject
Global
	GlobalSection(SolutionConfigurationPlatforms) = preSolution
	Debug|Any CPU = Debug|Any CPU
	ExportDebug|Any CPU = ExportDebug|Any CPU
	ExportRelease|Any CPU = ExportRelease|Any CPU
	EndGlobalSection
	GlobalSection(ProjectConfigurationPlatforms) = postSolution
		{34458EA8-C32E-4A76-A111-89F005FF9C06}.Debug|Any CPU.ActiveCfg = Debug|Any CPU
		{34458EA8-C32E-4A76-A111-89F005FF9C06}.Debug|Any CPU.Build.0 = Debug|Any CPU
		{34458EA8-C32E-4A76-A111-89F005FF9C06}.ExportDebug|Any CPU.ActiveCfg = ExportDebug|Any CPU
		{34458EA8-C32E-4A76-A111-89F005FF9C06}.ExportDebug|Any CPU.Build.0 = ExportDebug|Any CPU
		{34458EA8-C32E-4A76-A111-89F005FF9C06}.ExportRelease|Any CPU.ActiveCfg = ExportRelease|Any CPU
		{34458EA8-C32E-4A76-A111-89F005FF9C06}.ExportRelease|Any CPU.Build.0 = ExportRelease|Any CPU
	EndGlobalSection
EndGlobal
